
Microsoft Visual Studio Solution File, Format Version 12.00
# Visual Studio 15
VisualStudioVersion = 15.0.28307.1169
MinimumVisualStudioVersion = 10.0.40219.1
Project("{FAE04EC0-301F-11D3-BF4B-00C04F79EFBC}") = "WolfgangWebApp", "WolfgangWebApp.csproj", "{0F5ACAE2-F1A5-4B0B-99AC-899FC086B645}"
EndProject
Project("{00D1A9C2-B5F0-4AF3-8072-F6C62B433612}") = "WGDatabase", "..\WGDatabase_project\WGDatabase\WGDatabase.sqlproj", "{B97FBA8A-A375-446E-B946-F05D77ABAEAA}"
EndProject
Project("{FAE04EC0-301F-11D3-BF4B-00C04F79EFBC}") = "WGDataManager", "..\WGDataManager\WGDataManager.csproj", "{C4267115-8C54-49ED-A323-48251A10FE4E}"
EndProject
Project("{FAE04EC0-301F-11D3-BF4B-00C04F79EFBC}") = "WG_Data_Library", "..\WGData_Library\WG_Data_Library.csproj", "{0E6E0CF5-D605-4ED2-AC90-558FD2B6FABC}"
EndProject
Global
	GlobalSection(SolutionConfigurationPlatforms) = preSolution
		Debug|Any CPU = Debug|Any CPU
		Release|Any CPU = Release|Any CPU
	EndGlobalSection
	GlobalSection(ProjectConfigurationPlatforms) = postSolution
		{0F5ACAE2-F1A5-4B0B-99AC-899FC086B645}.Debug|Any CPU.ActiveCfg = Debug|Any CPU
		{0F5ACAE2-F1A5-4B0B-99AC-899FC086B645}.Debug|Any CPU.Build.0 = Debug|Any CPU
		{0F5ACAE2-F1A5-4B0B-99AC-899FC086B645}.Release|Any CPU.ActiveCfg = Release|Any CPU
		{0F5ACAE2-F1A5-4B0B-99AC-899FC086B645}.Release|Any CPU.Build.0 = Release|Any CPU
		{B97FBA8A-A375-446E-B946-F05D77ABAEAA}.Debug|Any CPU.ActiveCfg = Debug|Any CPU
		{B97FBA8A-A375-446E-B946-F05D77ABAEAA}.Debug|Any CPU.Build.0 = Debug|Any CPU
		{B97FBA8A-A375-446E-B946-F05D77ABAEAA}.Debug|Any CPU.Deploy.0 = Debug|Any CPU
		{B97FBA8A-A375-446E-B946-F05D77ABAEAA}.Release|Any CPU.ActiveCfg = Release|Any CPU
		{B97FBA8A-A375-446E-B946-F05D77ABAEAA}.Release|Any CPU.Build.0 = Release|Any CPU
		{B97FBA8A-A375-446E-B946-F05D77ABAEAA}.Release|Any CPU.Deploy.0 = Release|Any CPU
		{C4267115-8C54-49ED-A323-48251A10FE4E}.Debug|Any CPU.ActiveCfg = Debug|Any CPU
		{C4267115-8C54-49ED-A323-48251A10FE4E}.Debug|Any CPU.Build.0 = Debug|Any CPU
		{C4267115-8C54-49ED-A323-48251A10FE4E}.Release|Any CPU.ActiveCfg = Release|Any CPU
		{C4267115-8C54-49ED-A323-48251A10FE4E}.Release|Any CPU.Build.0 = Release|Any CPU
		{0E6E0CF5-D605-4ED2-AC90-558FD2B6FABC}.Debug|Any CPU.ActiveCfg = Debug|Any CPU
		{0E6E0CF5-D605-4ED2-AC90-558FD2B6FABC}.Debug|Any CPU.Build.0 = Debug|Any CPU
		{0E6E0CF5-D605-4ED2-AC90-558FD2B6FABC}.Release|Any CPU.ActiveCfg = Release|Any CPU
		{0E6E0CF5-D605-4ED2-AC90-558FD2B6FABC}.Release|Any CPU.Build.0 = Release|Any CPU
	EndGlobalSection
	GlobalSection(SolutionProperties) = preSolution
		HideSolutionNode = FALSE
	EndGlobalSection
	GlobalSection(ExtensibilityGlobals) = postSolution
		SolutionGuid = {F52B9D97-FE22-45D1-865E-C23B5C24E0DD}
	EndGlobalSection
EndGlobal
